
Microsoft Visual Studio Solution File, Format Version 12.00
# Visual Studio Version 17
VisualStudioVersion = 17.9.34728.123
MinimumVisualStudioVersion = 10.0.40219.1
Project("{FAE04EC0-301F-11D3-BF4B-00C04F79EFBC}") = "task1", "task1\task1.csproj", "{AF088456-8B43-4E03-B3FE-8AFF77337222}"
EndProject
Project("{FAE04EC0-301F-11D3-BF4B-00C04F79EFBC}") = "task2", "task2\task2.csproj", "{41B45D04-7DA4-4ECA-A754-406906F83AAF}"
EndProject
Project("{FAE04EC0-301F-11D3-BF4B-00C04F79EFBC}") = "task3", "task3\task3.csproj", "{1D8AED80-32AF-4CAE-A99B-53829F9D1F87}"
EndProject
Project("{FAE04EC0-301F-11D3-BF4B-00C04F79EFBC}") = "task4", "task4\task4.csproj", "{631D7A5E-44A0-4A15-BA52-9FBBBF2B6407}"
EndProject
Project("{FAE04EC0-301F-11D3-BF4B-00C04F79EFBC}") = "task5", "task5\task5.csproj", "{02516130-8564-46E7-B182-D7A140E113B1}"
EndProject
Project("{FAE04EC0-301F-11D3-BF4B-00C04F79EFBC}") = "task6", "task6\task6.csproj", "{DA719CD9-D068-46D4-9EDB-2B8FF0367939}"
EndProject
Project("{FAE04EC0-301F-11D3-BF4B-00C04F79EFBC}") = "task7", "task7\task7.csproj", "{0C4D2F15-1E87-4BD2-A65D-A60175253FAD}"
EndProject
Project("{FAE04EC0-301F-11D3-BF4B-00C04F79EFBC}") = "task8", "task8\task8.csproj", "{72BC9EB9-DCCE-4226-A576-2C0F86C6CB7D}"
EndProject
Project("{FAE04EC0-301F-11D3-BF4B-00C04F79EFBC}") = "task9", "task9\task9.csproj", "{42052227-FC53-4B3A-9C03-FD836F525678}"
EndProject
Project("{FAE04EC0-301F-11D3-BF4B-00C04F79EFBC}") = "task10", "task10\task10.csproj", "{5A6728CC-F2BF-4606-BE12-A3B10B454A03}"
EndProject
Project("{FAE04EC0-301F-11D3-BF4B-00C04F79EFBC}") = "task11", "task11\task11.csproj", "{FE278EE2-FE89-435D-9209-02C7401EB82F}"
EndProject
Project("{FAE04EC0-301F-11D3-BF4B-00C04F79EFBC}") = "task12", "task12\task12.csproj", "{D3227ED7-D9A5-4AF0-858B-3B82ABFFF77B}"
EndProject
Project("{FAE04EC0-301F-11D3-BF4B-00C04F79EFBC}") = "task13", "task13\task13.csproj", "{67DB8CE2-13D0-496B-BAE8-6D5D4E3513AB}"
EndProject
Project("{FAE04EC0-301F-11D3-BF4B-00C04F79EFBC}") = "task14", "task14\task14.csproj", "{1B620276-283E-441D-A445-D7A2F5CC7E6E}"
EndProject
Project("{FAE04EC0-301F-11D3-BF4B-00C04F79EFBC}") = "task15", "task15\task15.csproj", "{89741635-E373-4BFD-91F5-4CDFB7F330EF}"
EndProject
Project("{FAE04EC0-301F-11D3-BF4B-00C04F79EFBC}") = "task16", "task16\task16.csproj", "{38C10D94-14FE-425C-AC60-FF2B1190BF45}"
EndProject
Global
	GlobalSection(SolutionConfigurationPlatforms) = preSolution
		Debug|Any CPU = Debug|Any CPU
		Release|Any CPU = Release|Any CPU
	EndGlobalSection
	GlobalSection(ProjectConfigurationPlatforms) = postSolution
		{AF088456-8B43-4E03-B3FE-8AFF77337222}.Debug|Any CPU.ActiveCfg = Debug|Any CPU
		{AF088456-8B43-4E03-B3FE-8AFF77337222}.Debug|Any CPU.Build.0 = Debug|Any CPU
		{AF088456-8B43-4E03-B3FE-8AFF77337222}.Release|Any CPU.ActiveCfg = Release|Any CPU
		{AF088456-8B43-4E03-B3FE-8AFF77337222}.Release|Any CPU.Build.0 = Release|Any CPU
		{41B45D04-7DA4-4ECA-A754-406906F83AAF}.Debug|Any CPU.ActiveCfg = Debug|Any CPU
		{41B45D04-7DA4-4ECA-A754-406906F83AAF}.Debug|Any CPU.Build.0 = Debug|Any CPU
		{41B45D04-7DA4-4ECA-A754-406906F83AAF}.Release|Any CPU.ActiveCfg = Release|Any CPU
		{41B45D04-7DA4-4ECA-A754-406906F83AAF}.Release|Any CPU.Build.0 = Release|Any CPU
		{1D8AED80-32AF-4CAE-A99B-53829F9D1F87}.Debug|Any CPU.ActiveCfg = Debug|Any CPU
		{1D8AED80-32AF-4CAE-A99B-53829F9D1F87}.Debug|Any CPU.Build.0 = Debug|Any CPU
		{1D8AED80-32AF-4CAE-A99B-53829F9D1F87}.Release|Any CPU.ActiveCfg = Release|Any CPU
		{1D8AED80-32AF-4CAE-A99B-53829F9D1F87}.Release|Any CPU.Build.0 = Release|Any CPU
		{631D7A5E-44A0-4A15-BA52-9FBBBF2B6407}.Debug|Any CPU.ActiveCfg = Debug|Any CPU
		{631D7A5E-44A0-4A15-BA52-9FBBBF2B6407}.Debug|Any CPU.Build.0 = Debug|Any CPU
		{631D7A5E-44A0-4A15-BA52-9FBBBF2B6407}.Release|Any CPU.ActiveCfg = Release|Any CPU
		{631D7A5E-44A0-4A15-BA52-9FBBBF2B6407}.Release|Any CPU.Build.0 = Release|Any CPU
		{02516130-8564-46E7-B182-D7A140E113B1}.Debug|Any CPU.ActiveCfg = Debug|Any CPU
		{02516130-8564-46E7-B182-D7A140E113B1}.Debug|Any CPU.Build.0 = Debug|Any CPU
		{02516130-8564-46E7-B182-D7A140E113B1}.Release|Any CPU.ActiveCfg = Release|Any CPU
		{02516130-8564-46E7-B182-D7A140E113B1}.Release|Any CPU.Build.0 = Release|Any CPU
		{DA719CD9-D068-46D4-9EDB-2B8FF0367939}.Debug|Any CPU.ActiveCfg = Debug|Any CPU
		{DA719CD9-D068-46D4-9EDB-2B8FF0367939}.Debug|Any CPU.Build.0 = Debug|Any CPU
		{DA719CD9-D068-46D4-9EDB-2B8FF0367939}.Release|Any CPU.ActiveCfg = Release|Any CPU
		{DA719CD9-D068-46D4-9EDB-2B8FF0367939}.Release|Any CPU.Build.0 = Release|Any CPU
		{0C4D2F15-1E87-4BD2-A65D-A60175253FAD}.Debug|Any CPU.ActiveCfg = Debug|Any CPU
		{0C4D2F15-1E87-4BD2-A65D-A60175253FAD}.Debug|Any CPU.Build.0 = Debug|Any CPU
		{0C4D2F15-1E87-4BD2-A65D-A60175253FAD}.Release|Any CPU.ActiveCfg = Release|Any CPU
		{0C4D2F15-1E87-4BD2-A65D-A60175253FAD}.Release|Any CPU.Build.0 = Release|Any CPU
		{72BC9EB9-DCCE-4226-A576-2C0F86C6CB7D}.Debug|Any CPU.ActiveCfg = Debug|Any CPU
		{72BC9EB9-DCCE-4226-A576-2C0F86C6CB7D}.Debug|Any CPU.Build.0 = Debug|Any CPU
		{72BC9EB9-DCCE-4226-A576-2C0F86C6CB7D}.Release|Any CPU.ActiveCfg = Release|Any CPU
		{72BC9EB9-DCCE-4226-A576-2C0F86C6CB7D}.Release|Any CPU.Build.0 = Release|Any CPU
		{42052227-FC53-4B3A-9C03-FD836F525678}.Debug|Any CPU.ActiveCfg = Debug|Any CPU
		{42052227-FC53-4B3A-9C03-FD836F525678}.Debug|Any CPU.Build.0 = Debug|Any CPU
		{42052227-FC53-4B3A-9C03-FD836F525678}.Release|Any CPU.ActiveCfg = Release|Any CPU
		{42052227-FC53-4B3A-9C03-FD836F525678}.Release|Any CPU.Build.0 = Release|Any CPU
		{5A6728CC-F2BF-4606-BE12-A3B10B454A03}.Debug|Any CPU.ActiveCfg = Debug|Any CPU
		{5A6728CC-F2BF-4606-BE12-A3B10B454A03}.Debug|Any CPU.Build.0 = Debug|Any CPU
		{5A6728CC-F2BF-4606-BE12-A3B10B454A03}.Release|Any CPU.ActiveCfg = Release|Any CPU
		{5A6728CC-F2BF-4606-BE12-A3B10B454A03}.Release|Any CPU.Build.0 = Release|Any CPU
		{FE278EE2-FE89-435D-9209-02C7401EB82F}.Debug|Any CPU.ActiveCfg = Debug|Any CPU
		{FE278EE2-FE89-435D-9209-02C7401EB82F}.Debug|Any CPU.Build.0 = Debug|Any CPU
		{FE278EE2-FE89-435D-9209-02C7401EB82F}.Release|Any CPU.ActiveCfg = Release|Any CPU
		{FE278EE2-FE89-435D-9209-02C7401EB82F}.Release|Any CPU.Build.0 = Release|Any CPU
		{D3227ED7-D9A5-4AF0-858B-3B82ABFFF77B}.Debug|Any CPU.ActiveCfg = Debug|Any CPU
		{D3227ED7-D9A5-4AF0-858B-3B82ABFFF77B}.Debug|Any CPU.Build.0 = Debug|Any CPU
		{D3227ED7-D9A5-4AF0-858B-3B82ABFFF77B}.Release|Any CPU.ActiveCfg = Release|Any CPU
		{D3227ED7-D9A5-4AF0-858B-3B82ABFFF77B}.Release|Any CPU.Build.0 = Release|Any CPU
		{67DB8CE2-13D0-496B-BAE8-6D5D4E3513AB}.Debug|Any CPU.ActiveCfg = Debug|Any CPU
		{67DB8CE2-13D0-496B-BAE8-6D5D4E3513AB}.Debug|Any CPU.Build.0 = Debug|Any CPU
		{67DB8CE2-13D0-496B-BAE8-6D5D4E3513AB}.Release|Any CPU.ActiveCfg = Release|Any CPU
		{67DB8CE2-13D0-496B-BAE8-6D5D4E3513AB}.Release|Any CPU.Build.0 = Release|Any CPU
		{1B620276-283E-441D-A445-D7A2F5CC7E6E}.Debug|Any CPU.ActiveCfg = Debug|Any CPU
		{1B620276-283E-441D-A445-D7A2F5CC7E6E}.Debug|Any CPU.Build.0 = Debug|Any CPU
		{1B620276-283E-441D-A445-D7A2F5CC7E6E}.Release|Any CPU.ActiveCfg = Release|Any CPU
		{1B620276-283E-441D-A445-D7A2F5CC7E6E}.Release|Any CPU.Build.0 = Release|Any CPU
		{89741635-E373-4BFD-91F5-4CDFB7F330EF}.Debug|Any CPU.ActiveCfg = Debug|Any CPU
		{89741635-E373-4BFD-91F5-4CDFB7F330EF}.Debug|Any CPU.Build.0 = Debug|Any CPU
		{89741635-E373-4BFD-91F5-4CDFB7F330EF}.Release|Any CPU.ActiveCfg = Release|Any CPU
		{89741635-E373-4BFD-91F5-4CDFB7F330EF}.Release|Any CPU.Build.0 = Release|Any CPU
		{38C10D94-14FE-425C-AC60-FF2B1190BF45}.Debug|Any CPU.ActiveCfg = Debug|Any CPU
		{38C10D94-14FE-425C-AC60-FF2B1190BF45}.Debug|Any CPU.Build.0 = Debug|Any CPU
		{38C10D94-14FE-425C-AC60-FF2B1190BF45}.Release|Any CPU.ActiveCfg = Release|Any CPU
		{38C10D94-14FE-425C-AC60-FF2B1190BF45}.Release|Any CPU.Build.0 = Release|Any CPU
	EndGlobalSection
	GlobalSection(SolutionProperties) = preSolution
		HideSolutionNode = FALSE
	EndGlobalSection
	GlobalSection(ExtensibilityGlobals) = postSolution
		SolutionGuid = {2A655CA3-4E22-46C0-AC96-6E71D4A3CC55}
	EndGlobalSection
EndGlobal
