
Microsoft Visual Studio Solution File, Format Version 12.00
# Visual Studio Version 17
VisualStudioVersion = 17.9.34728.123
MinimumVisualStudioVersion = 10.0.40219.1
Project("{FAE04EC0-301F-11D3-BF4B-00C04F79EFBC}") = "task1", "task1\task1.csproj", "{0370355E-FF07-411D-AC8D-4B1B979D99B7}"
EndProject
Project("{FAE04EC0-301F-11D3-BF4B-00C04F79EFBC}") = "task2", "task2\task2.csproj", "{192DA640-D0D9-4231-9616-CB84610793DF}"
EndProject
Global
	GlobalSection(SolutionConfigurationPlatforms) = preSolution
		Debug|Any CPU = Debug|Any CPU
		Release|Any CPU = Release|Any CPU
	EndGlobalSection
	GlobalSection(ProjectConfigurationPlatforms) = postSolution
		{0370355E-FF07-411D-AC8D-4B1B979D99B7}.Debug|Any CPU.ActiveCfg = Debug|Any CPU
		{0370355E-FF07-411D-AC8D-4B1B979D99B7}.Debug|Any CPU.Build.0 = Debug|Any CPU
		{0370355E-FF07-411D-AC8D-4B1B979D99B7}.Release|Any CPU.ActiveCfg = Release|Any CPU
		{0370355E-FF07-411D-AC8D-4B1B979D99B7}.Release|Any CPU.Build.0 = Release|Any CPU
		{192DA640-D0D9-4231-9616-CB84610793DF}.Debug|Any CPU.ActiveCfg = Debug|Any CPU
		{192DA640-D0D9-4231-9616-CB84610793DF}.Debug|Any CPU.Build.0 = Debug|Any CPU
		{192DA640-D0D9-4231-9616-CB84610793DF}.Release|Any CPU.ActiveCfg = Release|Any CPU
		{192DA640-D0D9-4231-9616-CB84610793DF}.Release|Any CPU.Build.0 = Release|Any CPU
	EndGlobalSection
	GlobalSection(SolutionProperties) = preSolution
		HideSolutionNode = FALSE
	EndGlobalSection
	GlobalSection(ExtensibilityGlobals) = postSolution
		SolutionGuid = {7A0F755E-DA13-413C-BF08-B264F1A4D920}
	EndGlobalSection
EndGlobal
