
Microsoft Visual Studio Solution File, Format Version 12.00
# Visual Studio Version 17
VisualStudioVersion = 17.9.34728.123
MinimumVisualStudioVersion = 10.0.40219.1
Project("{FAE04EC0-301F-11D3-BF4B-00C04F79EFBC}") = "task1", "task1\task1.csproj", "{FD1FEE45-FE2E-4766-8AFC-1E6524849406}"
EndProject
Project("{FAE04EC0-301F-11D3-BF4B-00C04F79EFBC}") = "task2", "task2\task2.csproj", "{737000A9-BAF0-4BA0-8D46-CDC6BA26A2A9}"
EndProject
Global
	GlobalSection(SolutionConfigurationPlatforms) = preSolution
		Debug|Any CPU = Debug|Any CPU
		Release|Any CPU = Release|Any CPU
	EndGlobalSection
	GlobalSection(ProjectConfigurationPlatforms) = postSolution
		{FD1FEE45-FE2E-4766-8AFC-1E6524849406}.Debug|Any CPU.ActiveCfg = Debug|Any CPU
		{FD1FEE45-FE2E-4766-8AFC-1E6524849406}.Debug|Any CPU.Build.0 = Debug|Any CPU
		{FD1FEE45-FE2E-4766-8AFC-1E6524849406}.Release|Any CPU.ActiveCfg = Release|Any CPU
		{FD1FEE45-FE2E-4766-8AFC-1E6524849406}.Release|Any CPU.Build.0 = Release|Any CPU
		{737000A9-BAF0-4BA0-8D46-CDC6BA26A2A9}.Debug|Any CPU.ActiveCfg = Debug|Any CPU
		{737000A9-BAF0-4BA0-8D46-CDC6BA26A2A9}.Debug|Any CPU.Build.0 = Debug|Any CPU
		{737000A9-BAF0-4BA0-8D46-CDC6BA26A2A9}.Release|Any CPU.ActiveCfg = Release|Any CPU
		{737000A9-BAF0-4BA0-8D46-CDC6BA26A2A9}.Release|Any CPU.Build.0 = Release|Any CPU
	EndGlobalSection
	GlobalSection(SolutionProperties) = preSolution
		HideSolutionNode = FALSE
	EndGlobalSection
	GlobalSection(ExtensibilityGlobals) = postSolution
		SolutionGuid = {074A1287-E393-420D-AD52-CEAA16975828}
	EndGlobalSection
EndGlobal
