
Microsoft Visual Studio Solution File, Format Version 12.00
# Visual Studio Version 17
VisualStudioVersion = 17.7.34031.279
MinimumVisualStudioVersion = 10.0.40219.1
Project("{FAE04EC0-301F-11D3-BF4B-00C04F79EFBC}") = "Task1", "Task1\Task1.csproj", "{8F3E0A6F-4E43-4EA8-8761-0B8246EFD53B}"
EndProject
Project("{FAE04EC0-301F-11D3-BF4B-00C04F79EFBC}") = "Task2", "Task2\Task2.csproj", "{4FF0A17F-08FA-4C8E-BF01-D96CB6B7E331}"
EndProject
Project("{FAE04EC0-301F-11D3-BF4B-00C04F79EFBC}") = "Task3", "Task3\Task3.csproj", "{7CEBB541-F89C-4466-94DB-EE9DEBA026D2}"
EndProject
Project("{FAE04EC0-301F-11D3-BF4B-00C04F79EFBC}") = "Task4", "Task4\Task4.csproj", "{F39446B9-B18A-4F97-9515-18E90AC355F4}"
EndProject
Project("{FAE04EC0-301F-11D3-BF4B-00C04F79EFBC}") = "Task5", "Task5\Task5.csproj", "{C11E5620-6CF0-46D2-AD1A-2AAF738F8E44}"
EndProject
Project("{FAE04EC0-301F-11D3-BF4B-00C04F79EFBC}") = "Task6", "Task6\Task6.csproj", "{6B0A7787-9F5F-499C-A89E-CDEB56E677E0}"
EndProject
Project("{FAE04EC0-301F-11D3-BF4B-00C04F79EFBC}") = "Task7", "Task7\Task7.csproj", "{4AD24C40-B013-40AA-B911-1C234EB6C5DD}"
EndProject
Global
	GlobalSection(SolutionConfigurationPlatforms) = preSolution
		Debug|Any CPU = Debug|Any CPU
		Release|Any CPU = Release|Any CPU
	EndGlobalSection
	GlobalSection(ProjectConfigurationPlatforms) = postSolution
		{8F3E0A6F-4E43-4EA8-8761-0B8246EFD53B}.Debug|Any CPU.ActiveCfg = Debug|Any CPU
		{8F3E0A6F-4E43-4EA8-8761-0B8246EFD53B}.Debug|Any CPU.Build.0 = Debug|Any CPU
		{8F3E0A6F-4E43-4EA8-8761-0B8246EFD53B}.Release|Any CPU.ActiveCfg = Release|Any CPU
		{8F3E0A6F-4E43-4EA8-8761-0B8246EFD53B}.Release|Any CPU.Build.0 = Release|Any CPU
		{4FF0A17F-08FA-4C8E-BF01-D96CB6B7E331}.Debug|Any CPU.ActiveCfg = Debug|Any CPU
		{4FF0A17F-08FA-4C8E-BF01-D96CB6B7E331}.Debug|Any CPU.Build.0 = Debug|Any CPU
		{4FF0A17F-08FA-4C8E-BF01-D96CB6B7E331}.Release|Any CPU.ActiveCfg = Release|Any CPU
		{4FF0A17F-08FA-4C8E-BF01-D96CB6B7E331}.Release|Any CPU.Build.0 = Release|Any CPU
		{7CEBB541-F89C-4466-94DB-EE9DEBA026D2}.Debug|Any CPU.ActiveCfg = Debug|Any CPU
		{7CEBB541-F89C-4466-94DB-EE9DEBA026D2}.Debug|Any CPU.Build.0 = Debug|Any CPU
		{7CEBB541-F89C-4466-94DB-EE9DEBA026D2}.Release|Any CPU.ActiveCfg = Release|Any CPU
		{7CEBB541-F89C-4466-94DB-EE9DEBA026D2}.Release|Any CPU.Build.0 = Release|Any CPU
		{F39446B9-B18A-4F97-9515-18E90AC355F4}.Debug|Any CPU.ActiveCfg = Debug|Any CPU
		{F39446B9-B18A-4F97-9515-18E90AC355F4}.Debug|Any CPU.Build.0 = Debug|Any CPU
		{F39446B9-B18A-4F97-9515-18E90AC355F4}.Release|Any CPU.ActiveCfg = Release|Any CPU
		{F39446B9-B18A-4F97-9515-18E90AC355F4}.Release|Any CPU.Build.0 = Release|Any CPU
		{C11E5620-6CF0-46D2-AD1A-2AAF738F8E44}.Debug|Any CPU.ActiveCfg = Debug|Any CPU
		{C11E5620-6CF0-46D2-AD1A-2AAF738F8E44}.Debug|Any CPU.Build.0 = Debug|Any CPU
		{C11E5620-6CF0-46D2-AD1A-2AAF738F8E44}.Release|Any CPU.ActiveCfg = Release|Any CPU
		{C11E5620-6CF0-46D2-AD1A-2AAF738F8E44}.Release|Any CPU.Build.0 = Release|Any CPU
		{6B0A7787-9F5F-499C-A89E-CDEB56E677E0}.Debug|Any CPU.ActiveCfg = Debug|Any CPU
		{6B0A7787-9F5F-499C-A89E-CDEB56E677E0}.Debug|Any CPU.Build.0 = Debug|Any CPU
		{6B0A7787-9F5F-499C-A89E-CDEB56E677E0}.Release|Any CPU.ActiveCfg = Release|Any CPU
		{6B0A7787-9F5F-499C-A89E-CDEB56E677E0}.Release|Any CPU.Build.0 = Release|Any CPU
		{4AD24C40-B013-40AA-B911-1C234EB6C5DD}.Debug|Any CPU.ActiveCfg = Debug|Any CPU
		{4AD24C40-B013-40AA-B911-1C234EB6C5DD}.Debug|Any CPU.Build.0 = Debug|Any CPU
		{4AD24C40-B013-40AA-B911-1C234EB6C5DD}.Release|Any CPU.ActiveCfg = Release|Any CPU
		{4AD24C40-B013-40AA-B911-1C234EB6C5DD}.Release|Any CPU.Build.0 = Release|Any CPU
	EndGlobalSection
	GlobalSection(SolutionProperties) = preSolution
		HideSolutionNode = FALSE
	EndGlobalSection
	GlobalSection(ExtensibilityGlobals) = postSolution
		SolutionGuid = {D064EC2F-7939-4D15-8540-7FDDDAA806B0}
	EndGlobalSection
EndGlobal
